
Microsoft Visual Studio Solution File, Format Version 12.00
# Visual Studio Version 17
VisualStudioVersion = 17.12.35527.113
MinimumVisualStudioVersion = 10.0.40219.1
Project("{FAE04EC0-301F-11D3-BF4B-00C04F79EFBC}") = "SSE.Forms", "SSE.Forms\SSE.Forms.csproj", "{B9BFCE92-BE66-485A-976F-97A6CA7EDB5D}"
EndProject
Project("{FAE04EC0-301F-11D3-BF4B-00C04F79EFBC}") = "SSE.Services", "SSE.Services\SSE.Services.csproj", "{D59A1115-5BA8-4CC3-9AB9-F91FCA29A7EC}"
EndProject
Project("{FAE04EC0-301F-11D3-BF4B-00C04F79EFBC}") = "SSE.Models", "SSE.Models\SSE.Models.csproj", "{97325660-0C3C-40E1-B19D-7E4BF03C1A19}"
EndProject
Project("{FAE04EC0-301F-11D3-BF4B-00C04F79EFBC}") = "SSE.Tests", "SSE.Tests\SSE.Tests.csproj", "{F55D5FCE-C8BD-463D-8CC1-A80DDB1F1899}"
EndProject
Global
	GlobalSection(SolutionConfigurationPlatforms) = preSolution
		Debug|Any CPU = Debug|Any CPU
		Release|Any CPU = Release|Any CPU
	EndGlobalSection
	GlobalSection(ProjectConfigurationPlatforms) = postSolution
		{B9BFCE92-BE66-485A-976F-97A6CA7EDB5D}.Debug|Any CPU.ActiveCfg = Debug|Any CPU
		{B9BFCE92-BE66-485A-976F-97A6CA7EDB5D}.Debug|Any CPU.Build.0 = Debug|Any CPU
		{B9BFCE92-BE66-485A-976F-97A6CA7EDB5D}.Release|Any CPU.ActiveCfg = Release|Any CPU
		{B9BFCE92-BE66-485A-976F-97A6CA7EDB5D}.Release|Any CPU.Build.0 = Release|Any CPU
		{D59A1115-5BA8-4CC3-9AB9-F91FCA29A7EC}.Debug|Any CPU.ActiveCfg = Debug|Any CPU
		{D59A1115-5BA8-4CC3-9AB9-F91FCA29A7EC}.Debug|Any CPU.Build.0 = Debug|Any CPU
		{D59A1115-5BA8-4CC3-9AB9-F91FCA29A7EC}.Release|Any CPU.ActiveCfg = Release|Any CPU
		{D59A1115-5BA8-4CC3-9AB9-F91FCA29A7EC}.Release|Any CPU.Build.0 = Release|Any CPU
		{97325660-0C3C-40E1-B19D-7E4BF03C1A19}.Debug|Any CPU.ActiveCfg = Debug|Any CPU
		{97325660-0C3C-40E1-B19D-7E4BF03C1A19}.Debug|Any CPU.Build.0 = Debug|Any CPU
		{97325660-0C3C-40E1-B19D-7E4BF03C1A19}.Release|Any CPU.ActiveCfg = Release|Any CPU
		{97325660-0C3C-40E1-B19D-7E4BF03C1A19}.Release|Any CPU.Build.0 = Release|Any CPU
		{F55D5FCE-C8BD-463D-8CC1-A80DDB1F1899}.Debug|Any CPU.ActiveCfg = Debug|Any CPU
		{F55D5FCE-C8BD-463D-8CC1-A80DDB1F1899}.Debug|Any CPU.Build.0 = Debug|Any CPU
		{F55D5FCE-C8BD-463D-8CC1-A80DDB1F1899}.Release|Any CPU.ActiveCfg = Release|Any CPU
		{F55D5FCE-C8BD-463D-8CC1-A80DDB1F1899}.Release|Any CPU.Build.0 = Release|Any CPU
	EndGlobalSection
	GlobalSection(SolutionProperties) = preSolution
		HideSolutionNode = FALSE
	EndGlobalSection
EndGlobal
